
Microsoft Visual Studio Solution File, Format Version 12.00
# Visual Studio Version 17
VisualStudioVersion = 17.4.33103.184
MinimumVisualStudioVersion = 10.0.40219.1
Project("{9A19103F-16F7-4668-BE54-9A1E7A4F7556}") = "AngularAuthApi", "AngularAuthApi\AngularAuthApi.csproj", "{62C46DD0-1112-4195-B38E-13EF2833B9D8}"
EndProject
Project("{9A19103F-16F7-4668-BE54-9A1E7A4F7556}") = "ForecastWebApi2", "ForecastWebApi2\ForecastWebApi2.csproj", "{004F1DF1-46C8-462A-B417-6C2735EBD575}"
EndProject
Global
	GlobalSection(SolutionConfigurationPlatforms) = preSolution
		Debug|Any CPU = Debug|Any CPU
		Release|Any CPU = Release|Any CPU
	EndGlobalSection
	GlobalSection(ProjectConfigurationPlatforms) = postSolution
		{62C46DD0-1112-4195-B38E-13EF2833B9D8}.Debug|Any CPU.ActiveCfg = Debug|Any CPU
		{62C46DD0-1112-4195-B38E-13EF2833B9D8}.Debug|Any CPU.Build.0 = Debug|Any CPU
		{62C46DD0-1112-4195-B38E-13EF2833B9D8}.Release|Any CPU.ActiveCfg = Release|Any CPU
		{62C46DD0-1112-4195-B38E-13EF2833B9D8}.Release|Any CPU.Build.0 = Release|Any CPU
		{004F1DF1-46C8-462A-B417-6C2735EBD575}.Debug|Any CPU.ActiveCfg = Debug|Any CPU
		{004F1DF1-46C8-462A-B417-6C2735EBD575}.Debug|Any CPU.Build.0 = Debug|Any CPU
		{004F1DF1-46C8-462A-B417-6C2735EBD575}.Release|Any CPU.ActiveCfg = Release|Any CPU
		{004F1DF1-46C8-462A-B417-6C2735EBD575}.Release|Any CPU.Build.0 = Release|Any CPU
	EndGlobalSection
	GlobalSection(SolutionProperties) = preSolution
		HideSolutionNode = FALSE
	EndGlobalSection
	GlobalSection(ExtensibilityGlobals) = postSolution
		SolutionGuid = {A9DDC996-AC07-4276-8D4E-CFC8058F25BC}
	EndGlobalSection
EndGlobal
